
Microsoft Visual Studio Solution File, Format Version 12.00
# Visual Studio 14
VisualStudioVersion = 14.0.25420.1
MinimumVisualStudioVersion = 10.0.40219.1
Project("{FAE04EC0-301F-11D3-BF4B-00C04F79EFBC}") = "mantenimientoPedido", "mantenimientoPedido\mantenimientoPedido.csproj", "{83142997-8B6F-4BBD-8699-5E4A7DB2C821}"
EndProject
Project("{FAE04EC0-301F-11D3-BF4B-00C04F79EFBC}") = "mantenimientoPedido.BusinessLogic", "mantenimientoPedido.BusinessLogic\mantenimientoPedido.BusinessLogic.csproj", "{E3739CB8-0E1B-4D9A-8F25-7C87A55D64A9}"
EndProject
Project("{FAE04EC0-301F-11D3-BF4B-00C04F79EFBC}") = "mantenimientoPedido.DataAccess", "mantenimientoPedido.DataAccess\mantenimientoPedido.DataAccess.csproj", "{E1AEF7B1-E132-475C-8A6C-50A20461902F}"
EndProject
Project("{FAE04EC0-301F-11D3-BF4B-00C04F79EFBC}") = "mantenimientoPedido.Entities", "mantenimientoPedido.Entities\mantenimientoPedido.Entities.csproj", "{E9A1EF73-FE85-4FC4-AF4A-D4A878FCF3C2}"
EndProject
Global
	GlobalSection(SolutionConfigurationPlatforms) = preSolution
		Debug|Any CPU = Debug|Any CPU
		Release|Any CPU = Release|Any CPU
	EndGlobalSection
	GlobalSection(ProjectConfigurationPlatforms) = postSolution
		{83142997-8B6F-4BBD-8699-5E4A7DB2C821}.Debug|Any CPU.ActiveCfg = Debug|Any CPU
		{83142997-8B6F-4BBD-8699-5E4A7DB2C821}.Debug|Any CPU.Build.0 = Debug|Any CPU
		{83142997-8B6F-4BBD-8699-5E4A7DB2C821}.Release|Any CPU.ActiveCfg = Release|Any CPU
		{83142997-8B6F-4BBD-8699-5E4A7DB2C821}.Release|Any CPU.Build.0 = Release|Any CPU
		{E3739CB8-0E1B-4D9A-8F25-7C87A55D64A9}.Debug|Any CPU.ActiveCfg = Debug|Any CPU
		{E3739CB8-0E1B-4D9A-8F25-7C87A55D64A9}.Debug|Any CPU.Build.0 = Debug|Any CPU
		{E3739CB8-0E1B-4D9A-8F25-7C87A55D64A9}.Release|Any CPU.ActiveCfg = Release|Any CPU
		{E3739CB8-0E1B-4D9A-8F25-7C87A55D64A9}.Release|Any CPU.Build.0 = Release|Any CPU
		{E1AEF7B1-E132-475C-8A6C-50A20461902F}.Debug|Any CPU.ActiveCfg = Debug|Any CPU
		{E1AEF7B1-E132-475C-8A6C-50A20461902F}.Debug|Any CPU.Build.0 = Debug|Any CPU
		{E1AEF7B1-E132-475C-8A6C-50A20461902F}.Release|Any CPU.ActiveCfg = Release|Any CPU
		{E1AEF7B1-E132-475C-8A6C-50A20461902F}.Release|Any CPU.Build.0 = Release|Any CPU
		{E9A1EF73-FE85-4FC4-AF4A-D4A878FCF3C2}.Debug|Any CPU.ActiveCfg = Debug|Any CPU
		{E9A1EF73-FE85-4FC4-AF4A-D4A878FCF3C2}.Debug|Any CPU.Build.0 = Debug|Any CPU
		{E9A1EF73-FE85-4FC4-AF4A-D4A878FCF3C2}.Release|Any CPU.ActiveCfg = Release|Any CPU
		{E9A1EF73-FE85-4FC4-AF4A-D4A878FCF3C2}.Release|Any CPU.Build.0 = Release|Any CPU
	EndGlobalSection
	GlobalSection(SolutionProperties) = preSolution
		HideSolutionNode = FALSE
	EndGlobalSection
EndGlobal
