
Microsoft Visual Studio Solution File, Format Version 12.00
# Visual Studio 15
VisualStudioVersion = 15.0.27130.2027
MinimumVisualStudioVersion = 10.0.40219.1
Project("{FAE04EC0-301F-11D3-BF4B-00C04F79EFBC}") = "VisorImagenes", "VisorImagenes\VisorImagenes.csproj", "{6B68A5A0-506D-4B1C-9159-279729945E77}"
EndProject
Global
	GlobalSection(SolutionConfigurationPlatforms) = preSolution
		Debug|Any CPU = Debug|Any CPU
		Release|Any CPU = Release|Any CPU
	EndGlobalSection
	GlobalSection(ProjectConfigurationPlatforms) = postSolution
		{6B68A5A0-506D-4B1C-9159-279729945E77}.Debug|Any CPU.ActiveCfg = Debug|Any CPU
		{6B68A5A0-506D-4B1C-9159-279729945E77}.Debug|Any CPU.Build.0 = Debug|Any CPU
		{6B68A5A0-506D-4B1C-9159-279729945E77}.Release|Any CPU.ActiveCfg = Release|Any CPU
		{6B68A5A0-506D-4B1C-9159-279729945E77}.Release|Any CPU.Build.0 = Release|Any CPU
	EndGlobalSection
	GlobalSection(SolutionProperties) = preSolution
		HideSolutionNode = FALSE
	EndGlobalSection
	GlobalSection(ExtensibilityGlobals) = postSolution
		SolutionGuid = {DD59DF41-87EC-4E14-8216-3DCE3480CFC1}
	EndGlobalSection
EndGlobal
